{
  "name": "zasum-client",
  "version": "1.0.0",
  "lockfileVersion": 3,
  "requires": true,
  "packages": {
    "": {
      "name": "zasum-client",
      "version": "1.0.0",
      "license": "MIT",
      "dependencies": {
        "next": "^14.3.1",
        "react": "^18.3.0",
        "react-dom": "^18.3.0",
        "tailwindcss": "^4.3.2"
      }
    },
    "node_modules/next": {
      "version": "14.3.1",
      "resolved": "https://registry.npmjs.org/next/-/next-14.3.1.tgz",
      "integrity": "sha512-KlGZrmM5gMXNYD8u6b7NYNQ7Kbk1U0EDp6HLKqE/EPYziOroXoJ+SP3NVy1B0V2c2lOnn2KPy4OiR9ogbT4QlA==",
      "dependencies": {
        "react": "^18.3.0",
        "react-dom": "^18.3.0",
        "webpack": "^5.88.0"
      }
    },
    "node_modules/react": {
      "version": "18.3.0",
      "resolved": "https://registry.npmjs.org/react/-/react-18.3.0.tgz",
      "integrity": "sha512-zQa7lChvPZjq0I6uXqZxPVr/0Oyxq3F2H5Uq7+nV2P7G4t0nIV8+FNc0wGyh4xYh0+gn0vYKbP+FyfK0eCZlGA=="
    },
    "node_modules/react-dom": {
      "version": "18.3.0",
      "resolved": "https://registry.npmjs.org/react-dom/-/react-dom-18.3.0.tgz",
      "integrity": "sha512-kjQ2o5qVnS1A7lL1kD2ZbXGIlrJ0F3Zz85PlVfg1PLdN2RFPmyiH1lXcBvA9r2kXl+QWh6G4ydyBZoC3H3Bptg==",
      "dependencies": {
        "react": "^18.3.0"
      }
    },
    "node_modules/tailwindcss": {
      "version": "4.3.2",
      "resolved": "https://registry.npmjs.org/tailwindcss/-/tailwindcss-4.3.2.tgz",
      "integrity": "sha512-7ZbGPhomJqzE5W+0S+VdB1tlE1a1d5p3UQbGbUqfPr1YzJyzG8He/2JKYXJQ+1u5PjkVwBHZ3owdD5afYngT0g=="
    }
  },
  "dependencies": {
    "next": {
      "version": "14.3.1",
      "resolved": "https://registry.npmjs.org/next/-/next-14.3.1.tgz",
      "integrity": "sha512-KlGZrmM5gMXNYD8u6b7NYNQ7Kbk1U0EDp6HLKqE/EPYziOroXoJ+SP3NVy1B0V2c2lOnn2KPy4OiR9ogbT4QlA=="
    },
    "react": {
      "version": "18.3.0",
      "resolved": "https://registry.npmjs.org/react/-/react-18.3.0.tgz",
      "integrity": "sha512-zQa7lChvPZjq0I6uXqZxPVr/0Oyxq3F2H5Uq7+nV2P7G4t0nIV8+FNc0wGyh4xYh0+gn0vYKbP+FyfK0eCZlGA=="
    },
    "react-dom": {
      "version": "18.3.0",
      "resolved": "https://registry.npmjs.org/react-dom/-/react-dom-18.3.0.tgz",
      "integrity": "sha512-kjQ2o5qVnS1A7lL1kD2ZbXGIlrJ0F3Zz85PlVfg1PLdN2RFPmyiH1lXcBvA9r2kXl+QWh6G4ydyBZoC3H3Bptg=="
    },
    "tailwindcss": {
      "version": "4.3.2",
      "resolved": "https://registry.npmjs.org/tailwindcss/-/tailwindcss-4.3.2.tgz",
      "integrity": "sha512-7ZbGPhomJqzE5W+0S+VdB1tlE1a1d5p3UQbGbUqfPr1YzJyzG8He/2JKYXJQ+1u5PjkVwBHZ3owdD5afYngT0g=="
    }
  }
}